
Microsoft Visual Studio Solution File, Format Version 12.00
# Visual Studio 15
VisualStudioVersion = 15.0.26730.15
MinimumVisualStudioVersion = 10.0.40219.1
Project("{8BC9CEB8-8B4A-11D0-8D11-00A0C91BC942}") = "Conway's Game of Life", "Conway's Game of Life\Conway's Game of Life.vcxproj", "{11ABD72E-0012-4EF6-9D77-7DCDD4EA29A9}"
EndProject
Global
	GlobalSection(SolutionConfigurationPlatforms) = preSolution
		Debug|x64 = Debug|x64
		Release|x64 = Release|x64
	EndGlobalSection
	GlobalSection(ProjectConfigurationPlatforms) = postSolution
		{11ABD72E-0012-4EF6-9D77-7DCDD4EA29A9}.Debug|x64.ActiveCfg = Debug|x64
		{11ABD72E-0012-4EF6-9D77-7DCDD4EA29A9}.Debug|x64.Build.0 = Debug|x64
		{11ABD72E-0012-4EF6-9D77-7DCDD4EA29A9}.Release|x64.ActiveCfg = Release|x64
		{11ABD72E-0012-4EF6-9D77-7DCDD4EA29A9}.Release|x64.Build.0 = Release|x64
	EndGlobalSection
	GlobalSection(SolutionProperties) = preSolution
		HideSolutionNode = FALSE
	EndGlobalSection
	GlobalSection(ExtensibilityGlobals) = postSolution
		SolutionGuid = {24B63C46-357D-4141-9B41-F57B7EE548FC}
	EndGlobalSection
EndGlobal
